Microsoft Visual Studio Solution File, Format Version 12.00
# Visual Studio Version 17
VisualStudioVersion = 17.5.2.0
MinimumVisualStudioVersion = 10.0.40219.1
Project("{FAE04EC0-301F-11D3-BF4B-00C04F79EFBC}") = "SleepFactorsApp", "SleepFactorsApp\SleepFactorsApp.csproj", "{02354E57-EA6B-31BA-542A-57DD2A2ECD6A}"
EndProject
Global
	GlobalSection(SolutionConfigurationPlatforms) = preSolution
		Debug|Any CPU = Debug|Any CPU
		Release|Any CPU = Release|Any CPU
	EndGlobalSection
	GlobalSection(ProjectConfigurationPlatforms) = postSolution
		{02354E57-EA6B-31BA-542A-57DD2A2ECD6A}.Debug|Any CPU.ActiveCfg = Debug|Any CPU
		{02354E57-EA6B-31BA-542A-57DD2A2ECD6A}.Debug|Any CPU.Build.0 = Debug|Any CPU
		{02354E57-EA6B-31BA-542A-57DD2A2ECD6A}.Release|Any CPU.ActiveCfg = Release|Any CPU
		{02354E57-EA6B-31BA-542A-57DD2A2ECD6A}.Release|Any CPU.Build.0 = Release|Any CPU
	EndGlobalSection
	GlobalSection(SolutionProperties) = preSolution
		HideSolutionNode = FALSE
	EndGlobalSection
	GlobalSection(ExtensibilityGlobals) = postSolution
		SolutionGuid = {C765088C-3B36-4635-8066-C30D92C4118C}
	EndGlobalSection
EndGlobal
